
Microsoft Visual Studio Solution File, Format Version 12.00
# Visual Studio Version 16
VisualStudioVersion = 16.0.30002.166
MinimumVisualStudioVersion = 10.0.40219.1
Project("{FAE04EC0-301F-11D3-BF4B-00C04F79EFBC}") = "CustomerProductClasses", "CustomerProductClasses\CustomerProductClasses.csproj", "{C568762E-A38C-4E50-A2AA-9A156907EAF5}"
EndProject
Project("{FAE04EC0-301F-11D3-BF4B-00C04F79EFBC}") = "CustomerProductTests", "CustomerProductTests\CustomerProductTests.csproj", "{02960F56-957A-4E5E-B6EB-8FE63EE7B01F}"
EndProject
Project("{FAE04EC0-301F-11D3-BF4B-00C04F79EFBC}") = "CustomerTest", "CustomerTest\CustomerTest.csproj", "{F8A66880-296B-44EB-A2C5-BB0623D65672}"
EndProject
Global
	GlobalSection(SolutionConfigurationPlatforms) = preSolution
		Debug|Any CPU = Debug|Any CPU
		Release|Any CPU = Release|Any CPU
	EndGlobalSection
	GlobalSection(ProjectConfigurationPlatforms) = postSolution
		{C568762E-A38C-4E50-A2AA-9A156907EAF5}.Debug|Any CPU.ActiveCfg = Debug|Any CPU
		{C568762E-A38C-4E50-A2AA-9A156907EAF5}.Debug|Any CPU.Build.0 = Debug|Any CPU
		{C568762E-A38C-4E50-A2AA-9A156907EAF5}.Release|Any CPU.ActiveCfg = Release|Any CPU
		{C568762E-A38C-4E50-A2AA-9A156907EAF5}.Release|Any CPU.Build.0 = Release|Any CPU
		{02960F56-957A-4E5E-B6EB-8FE63EE7B01F}.Debug|Any CPU.ActiveCfg = Debug|Any CPU
		{02960F56-957A-4E5E-B6EB-8FE63EE7B01F}.Debug|Any CPU.Build.0 = Debug|Any CPU
		{02960F56-957A-4E5E-B6EB-8FE63EE7B01F}.Release|Any CPU.ActiveCfg = Release|Any CPU
		{02960F56-957A-4E5E-B6EB-8FE63EE7B01F}.Release|Any CPU.Build.0 = Release|Any CPU
		{F8A66880-296B-44EB-A2C5-BB0623D65672}.Debug|Any CPU.ActiveCfg = Debug|Any CPU
		{F8A66880-296B-44EB-A2C5-BB0623D65672}.Debug|Any CPU.Build.0 = Debug|Any CPU
		{F8A66880-296B-44EB-A2C5-BB0623D65672}.Release|Any CPU.ActiveCfg = Release|Any CPU
		{F8A66880-296B-44EB-A2C5-BB0623D65672}.Release|Any CPU.Build.0 = Release|Any CPU
	EndGlobalSection
	GlobalSection(SolutionProperties) = preSolution
		HideSolutionNode = FALSE
	EndGlobalSection
	GlobalSection(ExtensibilityGlobals) = postSolution
		SolutionGuid = {7C2D5EDE-4C45-4971-A8C3-2696BB606BD2}
	EndGlobalSection
EndGlobal
